# This file is automatically @generated by Cargo.
# It is not intended for manual editing.
version = 3

[[package]]
name = "p103"
version = "0.1.0"

[[package]]
name = "p105"
version = "0.1.0"

[[package]]
name = "p106"
version = "0.1.0"

[[package]]
name = "p109"
version = "0.1.0"

[[package]]
name = "p113"
version = "0.1.0"

[[package]]
name = "p114"
version = "0.1.0"

[[package]]
name = "p124"
version = "0.1.0"

[[package]]
name = "p131"
version = "0.1.0"

[[package]]
name = "p157"
version = "0.1.0"

[[package]]
name = "p17"
version = "0.1.0"

[[package]]
name = "p1725"
version = "0.1.0"

[[package]]
name = "p206"
version = "0.1.0"

[[package]]
name = "p216"
version = "0.1.0"

[[package]]
name = "p22"
version = "0.1.0"

[[package]]
name = "p225"
version = "0.1.0"

[[package]]
name = "p23"
version = "0.1.0"

[[package]]
name = "p37"
version = "0.1.0"

[[package]]
name = "p39"
version = "0.1.0"

[[package]]
name = "p40"
version = "0.1.0"

[[package]]
name = "p46"
version = "0.1.0"

[[package]]
name = "p47"
version = "0.1.0"

[[package]]
name = "p51"
version = "0.1.0"

[[package]]
name = "p52"
version = "0.1.0"

[[package]]
name = "p77"
version = "0.1.0"

[[package]]
name = "p78"
version = "0.1.0"

[[package]]
name = "p79"
version = "0.1.0"

[[package]]
name = "p90"
version = "0.1.0"

[[package]]
name = "p91"
version = "0.1.0"

[[package]]
name = "p96"
version = "0.1.0"

[[package]]
name = "p98"
version = "0.1.0"

[[package]]
name = "p99"
version = "0.1.0"
